
Microsoft Visual Studio Solution File, Format Version 12.00
# Visual Studio Version 17
VisualStudioVersion = 17.10.35013.160
MinimumVisualStudioVersion = 10.0.40219.1
Project("{FAE04EC0-301F-11D3-BF4B-00C04F79EFBC}") = "BinaryEvaluator", "BinaryEvaluator.csproj", "{3FBA9E25-0297-4E0C-8103-872CF9EA3E48}"
EndProject
Project("{FAE04EC0-301F-11D3-BF4B-00C04F79EFBC}") = "BinaryEvaluator.UnitTests", "..\BinaryEvaluator.UnitTests\BinaryEvaluator.UnitTests.csproj", "{42D2D585-6597-46FF-9300-AFF98C5AB0F1}"
EndProject
Global
	GlobalSection(SolutionConfigurationPlatforms) = preSolution
		Debug|Any CPU = Debug|Any CPU
		Release|Any CPU = Release|Any CPU
	EndGlobalSection
	GlobalSection(ProjectConfigurationPlatforms) = postSolution
		{3FBA9E25-0297-4E0C-8103-872CF9EA3E48}.Debug|Any CPU.ActiveCfg = Debug|Any CPU
		{3FBA9E25-0297-4E0C-8103-872CF9EA3E48}.Debug|Any CPU.Build.0 = Debug|Any CPU
		{3FBA9E25-0297-4E0C-8103-872CF9EA3E48}.Release|Any CPU.ActiveCfg = Release|Any CPU
		{3FBA9E25-0297-4E0C-8103-872CF9EA3E48}.Release|Any CPU.Build.0 = Release|Any CPU
		{42D2D585-6597-46FF-9300-AFF98C5AB0F1}.Debug|Any CPU.ActiveCfg = Debug|Any CPU
		{42D2D585-6597-46FF-9300-AFF98C5AB0F1}.Debug|Any CPU.Build.0 = Debug|Any CPU
		{42D2D585-6597-46FF-9300-AFF98C5AB0F1}.Release|Any CPU.ActiveCfg = Release|Any CPU
		{42D2D585-6597-46FF-9300-AFF98C5AB0F1}.Release|Any CPU.Build.0 = Release|Any CPU
	EndGlobalSection
	GlobalSection(SolutionProperties) = preSolution
		HideSolutionNode = FALSE
	EndGlobalSection
	GlobalSection(ExtensibilityGlobals) = postSolution
		SolutionGuid = {D1F8F695-941D-47F3-A1D7-718DBE6647BC}
	EndGlobalSection
EndGlobal
